
Microsoft Visual Studio Solution File, Format Version 12.00
# Visual Studio Version 17
VisualStudioVersion = 17.8.34525.116
MinimumVisualStudioVersion = 10.0.40219.1
Project("{FAE04EC0-301F-11D3-BF4B-00C04F79EFBC}") = "prjAjaxDemo", "prjAjaxDemo.csproj", "{313ACBF2-F702-44F0-9975-E01667273B2D}"
EndProject
Global
	GlobalSection(SolutionConfigurationPlatforms) = preSolution
		Debug|Any CPU = Debug|Any CPU
		Release|Any CPU = Release|Any CPU
	EndGlobalSection
	GlobalSection(ProjectConfigurationPlatforms) = postSolution
		{313ACBF2-F702-44F0-9975-E01667273B2D}.Debug|Any CPU.ActiveCfg = Debug|Any CPU
		{313ACBF2-F702-44F0-9975-E01667273B2D}.Debug|Any CPU.Build.0 = Debug|Any CPU
		{313ACBF2-F702-44F0-9975-E01667273B2D}.Release|Any CPU.ActiveCfg = Release|Any CPU
		{313ACBF2-F702-44F0-9975-E01667273B2D}.Release|Any CPU.Build.0 = Release|Any CPU
	EndGlobalSection
	GlobalSection(SolutionProperties) = preSolution
		HideSolutionNode = FALSE
	EndGlobalSection
	GlobalSection(ExtensibilityGlobals) = postSolution
		SolutionGuid = {A6692D83-9DF6-4617-918C-27ED9571575F}
	EndGlobalSection
EndGlobal
